// !$*UTF8*$!
{
	archiveVersion = 1;
	classes = {
	};
	objectVersion = 77;
	objects = {

/* Begin PBXBuildFile section */
		08556CFE82755F10877AC989 /* JourneyTimeService.swift in Sources */ = {isa = PBXBuildFile; fileRef = C48680E3A4F029A146D239AA /* JourneyTimeService.swift */; };
		316F33AC862B20EAA4E74E44 /* HolidayService.swift in Sources */ = {isa = PBXBuildFile; fileRef = 897615BEB58F551DE2EF6926 /* HolidayService.swift */; };
		38AA8450EE4913F446855C8E /* MeterQueryService.swift in Sources */ = {isa = PBXBuildFile; fileRef = DFA7EFFA05313BBD3064F4F3 /* MeterQueryService.swift */; };
		5382A6484FE6DAE4DBC52980 /* FuelPriceService.swift in Sources */ = {isa = PBXBuildFile; fileRef = 7D31A8BD265957649527F3D3 /* FuelPriceService.swift */; };
		5AA062F3C54C8CFA549C8792 /* TollEngine.swift in Sources */ = {isa = PBXBuildFile; fileRef = C210B8A767D9131C39A7C94A /* TollEngine.swift */; };
		78884661AF1A759860C32223 /* DashProtocol.swift in Sources */ = {isa = PBXBuildFile; fileRef = EBC496F783761514B9B976EE /* DashProtocol.swift */; };
		820450DDB3F541DF66C51764 /* ContentView.swift in Sources */ = {isa = PBXBuildFile; fileRef = 2093C7A9A885CC86A4BC5810 /* ContentView.swift */; };
		A636CA7535FA1E470C8D4BF2 /* DashCentral.swift in Sources */ = {isa = PBXBuildFile; fileRef = 50CBBFA3EA3F966D4C17335B /* DashCentral.swift */; };
		A762EC5378CA689C11771D8D /* OperatingPeriod.swift in Sources */ = {isa = PBXBuildFile; fileRef = 9C133B1A6FB900095C199B32 /* OperatingPeriod.swift */; };
		BC50C7518E1D2895910BCBED /* PairingToken.swift in Sources */ = {isa = PBXBuildFile; fileRef = 5BE5A9DF7ACAC681394A413D /* PairingToken.swift */; };
		CC2ACAA42E395642DDBC5F71 /* SlotConfig.swift in Sources */ = {isa = PBXBuildFile; fileRef = CFE8F3C21624771482A18F49 /* SlotConfig.swift */; };
		D9629DFDC066C6FE700FF8D0 /* TollEngineTests.swift in Sources */ = {isa = PBXBuildFile; fileRef = CC0291793DFB3D0117ED940A /* TollEngineTests.swift */; };
		D9F32D90FA4BBF7F8C9C2E61 /* MeterStore.swift in Sources */ = {isa = PBXBuildFile; fileRef = 41D63F555B73458675E91F2D /* MeterStore.swift */; };
		EF6AFE5453F928B5EBD700F3 /* DashCoordinator.swift in Sources */ = {isa = PBXBuildFile; fileRef = 66312A87AFC107E70D11D650 /* DashCoordinator.swift */; };
		FD26D3C84AAB1B3DA1C12FDA /* CYDDashApp.swift in Sources */ = {isa = PBXBuildFile; fileRef = 59BB00F374C96B3EE4119325 /* CYDDashApp.swift */; };
/* End PBXBuildFile section */

/* Begin PBXContainerItemProxy section */
		58135242899C05EEC5D78268 /* PBXContainerItemProxy */ = {
			isa = PBXContainerItemProxy;
			containerPortal = A7F055D408373F7840916756 /* Project object */;
			proxyType = 1;
			remoteGlobalIDString = C02C3AD6D70A5820EE62FD6E;
			remoteInfo = CYDDash;
		};
/* End PBXContainerItemProxy section */

/* Begin PBXFileReference section */
		092E3F5D87B2C6116CFB6313 /* CYDDash.app */ = {isa = PBXFileReference; includeInIndex = 0; lastKnownFileType = wrapper.application; path = CYDDash.app; sourceTree = BUILT_PRODUCTS_DIR; };
		16CC9444875D557728A5809A /* CYDDashTests.xctest */ = {isa = PBXFileReference; includeInIndex = 0; lastKnownFileType = wrapper.cfbundle; path = CYDDashTests.xctest; sourceTree = BUILT_PRODUCTS_DIR; };
		2093C7A9A885CC86A4BC5810 /* ContentView.swift */ = {isa = PBXFileReference; lastKnownFileType = sourcecode.swift; path = ContentView.swift; sourceTree = "<group>"; };
		41D63F555B73458675E91F2D /* MeterStore.swift */ = {isa = PBXFileReference; lastKnownFileType = sourcecode.swift; path = MeterStore.swift; sourceTree = "<group>"; };
		50CBBFA3EA3F966D4C17335B /* DashCentral.swift */ = {isa = PBXFileReference; lastKnownFileType = sourcecode.swift; path = DashCentral.swift; sourceTree = "<group>"; };
		59BB00F374C96B3EE4119325 /* CYDDashApp.swift */ = {isa = PBXFileReference; lastKnownFileType = sourcecode.swift; path = CYDDashApp.swift; sourceTree = "<group>"; };
		5BE5A9DF7ACAC681394A413D /* PairingToken.swift */ = {isa = PBXFileReference; lastKnownFileType = sourcecode.swift; path = PairingToken.swift; sourceTree = "<group>"; };
		66312A87AFC107E70D11D650 /* DashCoordinator.swift */ = {isa = PBXFileReference; lastKnownFileType = sourcecode.swift; path = DashCoordinator.swift; sourceTree = "<group>"; };
		7D31A8BD265957649527F3D3 /* FuelPriceService.swift */ = {isa = PBXFileReference; lastKnownFileType = sourcecode.swift; path = FuelPriceService.swift; sourceTree = "<group>"; };
		897615BEB58F551DE2EF6926 /* HolidayService.swift */ = {isa = PBXFileReference; lastKnownFileType = sourcecode.swift; path = HolidayService.swift; sourceTree = "<group>"; };
		9C133B1A6FB900095C199B32 /* OperatingPeriod.swift */ = {isa = PBXFileReference; lastKnownFileType = sourcecode.swift; path = OperatingPeriod.swift; sourceTree = "<group>"; };
		C210B8A767D9131C39A7C94A /* TollEngine.swift */ = {isa = PBXFileReference; lastKnownFileType = sourcecode.swift; path = TollEngine.swift; sourceTree = "<group>"; };
		C48680E3A4F029A146D239AA /* JourneyTimeService.swift */ = {isa = PBXFileReference; lastKnownFileType = sourcecode.swift; path = JourneyTimeService.swift; sourceTree = "<group>"; };
		CC0291793DFB3D0117ED940A /* TollEngineTests.swift */ = {isa = PBXFileReference; lastKnownFileType = sourcecode.swift; path = TollEngineTests.swift; sourceTree = "<group>"; };
		CFE8F3C21624771482A18F49 /* SlotConfig.swift */ = {isa = PBXFileReference; lastKnownFileType = sourcecode.swift; path = SlotConfig.swift; sourceTree = "<group>"; };
		DFA7EFFA05313BBD3064F4F3 /* MeterQueryService.swift */ = {isa = PBXFileReference; lastKnownFileType = sourcecode.swift; path = MeterQueryService.swift; sourceTree = "<group>"; };
		EBC496F783761514B9B976EE /* DashProtocol.swift */ = {isa = PBXFileReference; lastKnownFileType = sourcecode.swift; path = DashProtocol.swift; sourceTree = "<group>"; };
/* End PBXFileReference section */

/* Begin PBXGroup section */
		40EEA77B373CF1F01A2237D5 /* BLE */ = {
			isa = PBXGroup;
			children = (
				50CBBFA3EA3F966D4C17335B /* DashCentral.swift */,
				EBC496F783761514B9B976EE /* DashProtocol.swift */,
			);
			path = BLE;
			sourceTree = "<group>";
		};
		4F90579EF196F8984523E974 /* Services */ = {
			isa = PBXGroup;
			children = (
				7D31A8BD265957649527F3D3 /* FuelPriceService.swift */,
				897615BEB58F551DE2EF6926 /* HolidayService.swift */,
				C48680E3A4F029A146D239AA /* JourneyTimeService.swift */,
				DFA7EFFA05313BBD3064F4F3 /* MeterQueryService.swift */,
				41D63F555B73458675E91F2D /* MeterStore.swift */,
				9C133B1A6FB900095C199B32 /* OperatingPeriod.swift */,
				5BE5A9DF7ACAC681394A413D /* PairingToken.swift */,
				CFE8F3C21624771482A18F49 /* SlotConfig.swift */,
				C210B8A767D9131C39A7C94A /* TollEngine.swift */,
			);
			path = Services;
			sourceTree = "<group>";
		};
		7016564DBC5F2CF85B31E09A = {
			isa = PBXGroup;
			children = (
				9CDF5D23715A64813508BEC0 /* CYDDash */,
				BB55E9F4E5097EF0F77BF6C9 /* CYDDashTests */,
				AA1DF7A7F4B46B0900FC959A /* Products */,
			);
			sourceTree = "<group>";
		};
		9CDF5D23715A64813508BEC0 /* CYDDash */ = {
			isa = PBXGroup;
			children = (
				59BB00F374C96B3EE4119325 /* CYDDashApp.swift */,
				40EEA77B373CF1F01A2237D5 /* BLE */,
				CA4925611536560D49B995D2 /* Coordinator */,
				4F90579EF196F8984523E974 /* Services */,
				EDA70821BA1812DA7FF611FF /* UI */,
			);
			path = CYDDash;
			sourceTree = "<group>";
		};
		AA1DF7A7F4B46B0900FC959A /* Products */ = {
			isa = PBXGroup;
			children = (
				092E3F5D87B2C6116CFB6313 /* CYDDash.app */,
				16CC9444875D557728A5809A /* CYDDashTests.xctest */,
			);
			name = Products;
			sourceTree = "<group>";
		};
		BB55E9F4E5097EF0F77BF6C9 /* CYDDashTests */ = {
			isa = PBXGroup;
			children = (
				CC0291793DFB3D0117ED940A /* TollEngineTests.swift */,
			);
			path = CYDDashTests;
			sourceTree = "<group>";
		};
		CA4925611536560D49B995D2 /* Coordinator */ = {
			isa = PBXGroup;
			children = (
				66312A87AFC107E70D11D650 /* DashCoordinator.swift */,
			);
			path = Coordinator;
			sourceTree = "<group>";
		};
		EDA70821BA1812DA7FF611FF /* UI */ = {
			isa = PBXGroup;
			children = (
				2093C7A9A885CC86A4BC5810 /* ContentView.swift */,
			);
			path = UI;
			sourceTree = "<group>";
		};
/* End PBXGroup section */

/* Begin PBXNativeTarget section */
		0C24DB7ED7F25460DA5C5ABB /* CYDDashTests */ = {
			isa = PBXNativeTarget;
			buildConfigurationList = 0F9268CD7CB793E96D073A93 /* Build configuration list for PBXNativeTarget "CYDDashTests" */;
			buildPhases = (
				55EE9B6C0DA590D30D02CD4A /* Sources */,
			);
			buildRules = (
			);
			dependencies = (
				6BA5D2D14A99C16F1279B077 /* PBXTargetDependency */,
			);
			name = CYDDashTests;
			packageProductDependencies = (
			);
			productName = CYDDashTests;
			productReference = 16CC9444875D557728A5809A /* CYDDashTests.xctest */;
			productType = "com.apple.product-type.bundle.unit-test";
		};
		C02C3AD6D70A5820EE62FD6E /* CYDDash */ = {
			isa = PBXNativeTarget;
			buildConfigurationList = CA6DCA8EEE5AF839E86ED157 /* Build configuration list for PBXNativeTarget "CYDDash" */;
			buildPhases = (
				429BF29D03DEF7F9A4BA9146 /* Sources */,
			);
			buildRules = (
			);
			dependencies = (
			);
			name = CYDDash;
			packageProductDependencies = (
			);
			productName = CYDDash;
			productReference = 092E3F5D87B2C6116CFB6313 /* CYDDash.app */;
			productType = "com.apple.product-type.application";
		};
/* End PBXNativeTarget section */

/* Begin PBXProject section */
		A7F055D408373F7840916756 /* Project object */ = {
			isa = PBXProject;
			attributes = {
				BuildIndependentTargetsInParallel = YES;
				LastUpgradeCheck = 1430;
				TargetAttributes = {
					C02C3AD6D70A5820EE62FD6E = {
						DevelopmentTeam = A7YC2GSU54;
						ProvisioningStyle = Automatic;
					};
				};
			};
			buildConfigurationList = DA42F78F9D2913FC1C19C14A /* Build configuration list for PBXProject "CYDDash" */;
			developmentRegion = en;
			hasScannedForEncodings = 0;
			knownRegions = (
				Base,
				en,
			);
			mainGroup = 7016564DBC5F2CF85B31E09A;
			minimizedProjectReferenceProxies = 1;
			preferredProjectObjectVersion = 77;
			productRefGroup = AA1DF7A7F4B46B0900FC959A /* Products */;
			projectDirPath = "";
			projectRoot = "";
			targets = (
				C02C3AD6D70A5820EE62FD6E /* CYDDash */,
				0C24DB7ED7F25460DA5C5ABB /* CYDDashTests */,
			);
		};
/* End PBXProject section */

/* Begin PBXSourcesBuildPhase section */
		429BF29D03DEF7F9A4BA9146 /* Sources */ = {
			isa = PBXSourcesBuildPhase;
			buildActionMask = 2147483647;
			files = (
				FD26D3C84AAB1B3DA1C12FDA /* CYDDashApp.swift in Sources */,
				820450DDB3F541DF66C51764 /* ContentView.swift in Sources */,
				A636CA7535FA1E470C8D4BF2 /* DashCentral.swift in Sources */,
				EF6AFE5453F928B5EBD700F3 /* DashCoordinator.swift in Sources */,
				78884661AF1A759860C32223 /* DashProtocol.swift in Sources */,
				5382A6484FE6DAE4DBC52980 /* FuelPriceService.swift in Sources */,
				316F33AC862B20EAA4E74E44 /* HolidayService.swift in Sources */,
				08556CFE82755F10877AC989 /* JourneyTimeService.swift in Sources */,
				38AA8450EE4913F446855C8E /* MeterQueryService.swift in Sources */,
				D9F32D90FA4BBF7F8C9C2E61 /* MeterStore.swift in Sources */,
				A762EC5378CA689C11771D8D /* OperatingPeriod.swift in Sources */,
				BC50C7518E1D2895910BCBED /* PairingToken.swift in Sources */,
				CC2ACAA42E395642DDBC5F71 /* SlotConfig.swift in Sources */,
				5AA062F3C54C8CFA549C8792 /* TollEngine.swift in Sources */,
			);
			runOnlyForDeploymentPostprocessing = 0;
		};
		55EE9B6C0DA590D30D02CD4A /* Sources */ = {
			isa = PBXSourcesBuildPhase;
			buildActionMask = 2147483647;
			files = (
				D9629DFDC066C6FE700FF8D0 /* TollEngineTests.swift in Sources */,
			);
			runOnlyForDeploymentPostprocessing = 0;
		};
/* End PBXSourcesBuildPhase section */

/* Begin PBXTargetDependency section */
		6BA5D2D14A99C16F1279B077 /* PBXTargetDependency */ = {
			isa = PBXTargetDependency;
			target = C02C3AD6D70A5820EE62FD6E /* CYDDash */;
			targetProxy = 58135242899C05EEC5D78268 /* PBXContainerItemProxy */;
		};
/* End PBXTargetDependency section */

/* Begin XCBuildConfiguration section */
		856AFED836463F5211FB44E5 /* Release */ = {
			isa = XCBuildConfiguration;
			buildSettings = {
				ASSETCATALOG_COMPILER_APPICON_NAME = AppIcon;
				CODE_SIGN_IDENTITY = "iPhone Developer";
				CODE_SIGN_STYLE = Automatic;
				CURRENT_PROJECT_VERSION = 1;
				DEVELOPMENT_TEAM = A7YC2GSU54;
				GENERATE_INFOPLIST_FILE = YES;
				INFOPLIST_FILE = CYDDash/Info.plist;
				LD_RUNPATH_SEARCH_PATHS = (
					"$(inherited)",
					"@executable_path/Frameworks",
				);
				MARKETING_VERSION = 0.1;
				PRODUCT_BUNDLE_IDENTIFIER = com.kaming.cyddash;
				SDKROOT = iphoneos;
				SWIFT_VERSION = 5.9;
				TARGETED_DEVICE_FAMILY = 1;
			};
			name = Release;
		};
		9C06351D02FFED58E6EDD9D9 /* Release */ = {
			isa = XCBuildConfiguration;
			buildSettings = {
				ALWAYS_SEARCH_USER_PATHS = NO;
				CLANG_ANALYZER_NONNULL = YES;
				CLANG_ANALYZER_NUMBER_OBJECT_CONVERSION = YES_AGGRESSIVE;
				CLANG_CXX_LANGUAGE_STANDARD = "gnu++14";
				CLANG_CXX_LIBRARY = "libc++";
				CLANG_ENABLE_MODULES = YES;
				CLANG_ENABLE_OBJC_ARC = YES;
				CLANG_ENABLE_OBJC_WEAK = YES;
				CLANG_WARN_BLOCK_CAPTURE_AUTORELEASING = YES;
				CLANG_WARN_BOOL_CONVERSION = YES;
				CLANG_WARN_COMMA = YES;
				CLANG_WARN_CONSTANT_CONVERSION = YES;
				CLANG_WARN_DEPRECATED_OBJC_IMPLEMENTATIONS = YES;
				CLANG_WARN_DIRECT_OBJC_ISA_USAGE = YES_ERROR;
				CLANG_WARN_DOCUMENTATION_COMMENTS = YES;
				CLANG_WARN_EMPTY_BODY = YES;
				CLANG_WARN_ENUM_CONVERSION = YES;
				CLANG_WARN_INFINITE_RECURSION = YES;
				CLANG_WARN_INT_CONVERSION = YES;
				CLANG_WARN_NON_LITERAL_NULL_CONVERSION = YES;
				CLANG_WARN_OBJC_IMPLICIT_RETAIN_SELF = YES;
				CLANG_WARN_OBJC_LITERAL_CONVERSION = YES;
				CLANG_WARN_OBJC_ROOT_CLASS = YES_ERROR;
				CLANG_WARN_QUOTED_INCLUDE_IN_FRAMEWORK_HEADER = YES;
				CLANG_WARN_RANGE_LOOP_ANALYSIS = YES;
				CLANG_WARN_STRICT_PROTOTYPES = YES;
				CLANG_WARN_SUSPICIOUS_MOVE = YES;
				CLANG_WARN_UNGUARDED_AVAILABILITY = YES_AGGRESSIVE;
				CLANG_WARN_UNREACHABLE_CODE = YES;
				CLANG_WARN__DUPLICATE_METHOD_MATCH = YES;
				COPY_PHASE_STRIP = NO;
				DEBUG_INFORMATION_FORMAT = "dwarf-with-dsym";
				ENABLE_NS_ASSERTIONS = NO;
				ENABLE_STRICT_OBJC_MSGSEND = YES;
				GCC_C_LANGUAGE_STANDARD = gnu11;
				GCC_NO_COMMON_BLOCKS = YES;
				GCC_WARN_64_TO_32_BIT_CONVERSION = YES;
				GCC_WARN_ABOUT_RETURN_TYPE = YES_ERROR;
				GCC_WARN_UNDECLARED_SELECTOR = YES;
				GCC_WARN_UNINITIALIZED_AUTOS = YES_AGGRESSIVE;
				GCC_WARN_UNUSED_FUNCTION = YES;
				GCC_WARN_UNUSED_VARIABLE = YES;
				IPHONEOS_DEPLOYMENT_TARGET = 17.0;
				MTL_ENABLE_DEBUG_INFO = NO;
				MTL_FAST_MATH = YES;
				PRODUCT_NAME = "$(TARGET_NAME)";
				SDKROOT = iphoneos;
				SWIFT_COMPILATION_MODE = wholemodule;
				SWIFT_OPTIMIZATION_LEVEL = "-O";
				SWIFT_VERSION = 5.0;
			};
			name = Release;
		};
		B1A625E9A8A031FC92C17CE5 /* Debug */ = {
			isa = XCBuildConfiguration;
			buildSettings = {
				ALWAYS_SEARCH_USER_PATHS = NO;
				CLANG_ANALYZER_NONNULL = YES;
				CLANG_ANALYZER_NUMBER_OBJECT_CONVERSION = YES_AGGRESSIVE;
				CLANG_CXX_LANGUAGE_STANDARD = "gnu++14";
				CLANG_CXX_LIBRARY = "libc++";
				CLANG_ENABLE_MODULES = YES;
				CLANG_ENABLE_OBJC_ARC = YES;
				CLANG_ENABLE_OBJC_WEAK = YES;
				CLANG_WARN_BLOCK_CAPTURE_AUTORELEASING = YES;
				CLANG_WARN_BOOL_CONVERSION = YES;
				CLANG_WARN_COMMA = YES;
				CLANG_WARN_CONSTANT_CONVERSION = YES;
				CLANG_WARN_DEPRECATED_OBJC_IMPLEMENTATIONS = YES;
				CLANG_WARN_DIRECT_OBJC_ISA_USAGE = YES_ERROR;
				CLANG_WARN_DOCUMENTATION_COMMENTS = YES;
				CLANG_WARN_EMPTY_BODY = YES;
				CLANG_WARN_ENUM_CONVERSION = YES;
				CLANG_WARN_INFINITE_RECURSION = YES;
				CLANG_WARN_INT_CONVERSION = YES;
				CLANG_WARN_NON_LITERAL_NULL_CONVERSION = YES;
				CLANG_WARN_OBJC_IMPLICIT_RETAIN_SELF = YES;
				CLANG_WARN_OBJC_LITERAL_CONVERSION = YES;
				CLANG_WARN_OBJC_ROOT_CLASS = YES_ERROR;
				CLANG_WARN_QUOTED_INCLUDE_IN_FRAMEWORK_HEADER = YES;
				CLANG_WARN_RANGE_LOOP_ANALYSIS = YES;
				CLANG_WARN_STRICT_PROTOTYPES = YES;
				CLANG_WARN_SUSPICIOUS_MOVE = YES;
				CLANG_WARN_UNGUARDED_AVAILABILITY = YES_AGGRESSIVE;
				CLANG_WARN_UNREACHABLE_CODE = YES;
				CLANG_WARN__DUPLICATE_METHOD_MATCH = YES;
				COPY_PHASE_STRIP = NO;
				DEBUG_INFORMATION_FORMAT = dwarf;
				ENABLE_STRICT_OBJC_MSGSEND = YES;
				ENABLE_TESTABILITY = YES;
				GCC_C_LANGUAGE_STANDARD = gnu11;
				GCC_DYNAMIC_NO_PIC = NO;
				GCC_NO_COMMON_BLOCKS = YES;
				GCC_OPTIMIZATION_LEVEL = 0;
				GCC_PREPROCESSOR_DEFINITIONS = (
					"$(inherited)",
					"DEBUG=1",
				);
				GCC_WARN_64_TO_32_BIT_CONVERSION = YES;
				GCC_WARN_ABOUT_RETURN_TYPE = YES_ERROR;
				GCC_WARN_UNDECLARED_SELECTOR = YES;
				GCC_WARN_UNINITIALIZED_AUTOS = YES_AGGRESSIVE;
				GCC_WARN_UNUSED_FUNCTION = YES;
				GCC_WARN_UNUSED_VARIABLE = YES;
				IPHONEOS_DEPLOYMENT_TARGET = 17.0;
				MTL_ENABLE_DEBUG_INFO = INCLUDE_SOURCE;
				MTL_FAST_MATH = YES;
				ONLY_ACTIVE_ARCH = YES;
				PRODUCT_NAME = "$(TARGET_NAME)";
				SDKROOT = iphoneos;
				SWIFT_ACTIVE_COMPILATION_CONDITIONS = DEBUG;
				SWIFT_OPTIMIZATION_LEVEL = "-Onone";
				SWIFT_VERSION = 5.0;
			};
			name = Debug;
		};
		CC413A8F213F0BFB4990C01E /* Release */ = {
			isa = XCBuildConfiguration;
			buildSettings = {
				BUNDLE_LOADER = "$(TEST_HOST)";
				GENERATE_INFOPLIST_FILE = YES;
				LD_RUNPATH_SEARCH_PATHS = (
					"$(inherited)",
					"@executable_path/Frameworks",
					"@loader_path/Frameworks",
				);
				PRODUCT_BUNDLE_IDENTIFIER = com.kaming.CYDDashTests;
				SDKROOT = iphoneos;
				TARGETED_DEVICE_FAMILY = "1,2";
				TEST_HOST = "$(BUILT_PRODUCTS_DIR)/CYDDash.app/CYDDash";
			};
			name = Release;
		};
		D237A0A1565F84F32B7B3EE4 /* Debug */ = {
			isa = XCBuildConfiguration;
			buildSettings = {
				ASSETCATALOG_COMPILER_APPICON_NAME = AppIcon;
				CODE_SIGN_IDENTITY = "iPhone Developer";
				CODE_SIGN_STYLE = Automatic;
				CURRENT_PROJECT_VERSION = 1;
				DEVELOPMENT_TEAM = A7YC2GSU54;
				GENERATE_INFOPLIST_FILE = YES;
				INFOPLIST_FILE = CYDDash/Info.plist;
				LD_RUNPATH_SEARCH_PATHS = (
					"$(inherited)",
					"@executable_path/Frameworks",
				);
				MARKETING_VERSION = 0.1;
				PRODUCT_BUNDLE_IDENTIFIER = com.kaming.cyddash;
				SDKROOT = iphoneos;
				SWIFT_VERSION = 5.9;
				TARGETED_DEVICE_FAMILY = 1;
			};
			name = Debug;
		};
		E088E0B4CA2C6208FE9EDC09 /* Debug */ = {
			isa = XCBuildConfiguration;
			buildSettings = {
				BUNDLE_LOADER = "$(TEST_HOST)";
				GENERATE_INFOPLIST_FILE = YES;
				LD_RUNPATH_SEARCH_PATHS = (
					"$(inherited)",
					"@executable_path/Frameworks",
					"@loader_path/Frameworks",
				);
				PRODUCT_BUNDLE_IDENTIFIER = com.kaming.CYDDashTests;
				SDKROOT = iphoneos;
				TARGETED_DEVICE_FAMILY = "1,2";
				TEST_HOST = "$(BUILT_PRODUCTS_DIR)/CYDDash.app/CYDDash";
			};
			name = Debug;
		};
/* End XCBuildConfiguration section */

/* Begin XCConfigurationList section */
		0F9268CD7CB793E96D073A93 /* Build configuration list for PBXNativeTarget "CYDDashTests" */ = {
			isa = XCConfigurationList;
			buildConfigurations = (
				E088E0B4CA2C6208FE9EDC09 /* Debug */,
				CC413A8F213F0BFB4990C01E /* Release */,
			);
			defaultConfigurationIsVisible = 0;
			defaultConfigurationName = Debug;
		};
		CA6DCA8EEE5AF839E86ED157 /* Build configuration list for PBXNativeTarget "CYDDash" */ = {
			isa = XCConfigurationList;
			buildConfigurations = (
				D237A0A1565F84F32B7B3EE4 /* Debug */,
				856AFED836463F5211FB44E5 /* Release */,
			);
			defaultConfigurationIsVisible = 0;
			defaultConfigurationName = Debug;
		};
		DA42F78F9D2913FC1C19C14A /* Build configuration list for PBXProject "CYDDash" */ = {
			isa = XCConfigurationList;
			buildConfigurations = (
				B1A625E9A8A031FC92C17CE5 /* Debug */,
				9C06351D02FFED58E6EDD9D9 /* Release */,
			);
			defaultConfigurationIsVisible = 0;
			defaultConfigurationName = Debug;
		};
/* End XCConfigurationList section */
	};
	rootObject = A7F055D408373F7840916756 /* Project object */;
}
